# THIS IS AN AUTOGENERATED FILE. DO NOT EDIT THIS FILE DIRECTLY.
# yarn lockfile v1


admin-lte@^2.3.11:
  version "2.3.11"
  resolved "https://registry.yarnpkg.com/admin-lte/-/admin-lte-2.3.11.tgz#da56dcd34d42e9ef1af362be15520a053a9d43db"

angular-animate@^1.6.1:
  version "1.6.2"
  resolved "https://registry.yarnpkg.com/angular-animate/-/angular-animate-1.6.2.tgz#def2a8b9ede53b4b6e234c25f5c64e4b4385df15"

angular-aria@^1.6.1:
  version "1.6.2"
  resolved "https://registry.yarnpkg.com/angular-aria/-/angular-aria-1.6.2.tgz#c5047cae595ec61d24490b6b34b4452e1ecdae1f"

angular-cookies@^1.6.1:
  version "1.6.2"
  resolved "https://registry.yarnpkg.com/angular-cookies/-/angular-cookies-1.6.2.tgz#ffb69f35f84d1efe71addac20a2905476b658884"

angular-resource@^1.6.1:
  version "1.6.2"
  resolved "https://registry.yarnpkg.com/angular-resource/-/angular-resource-1.6.2.tgz#fe09e3a723cd7a046b8871382e44f4f83f38557a"

angular-sanitize@^1.6.1:
  version "1.6.2"
  resolved "https://registry.yarnpkg.com/angular-sanitize/-/angular-sanitize-1.6.2.tgz#8a327c1acb2c14f50da5b5cad5ea452750a1a375"

angular-ui-ace@^0.2.3:
  version "0.2.3"
  resolved "https://registry.yarnpkg.com/angular-ui-ace/-/angular-ui-ace-0.2.3.tgz#3cb903428100621a367fc7f641440e97a42a26d0"

angular-ui-bootstrap@^2.4.0:
  version "2.5.0"
  resolved "https://registry.yarnpkg.com/angular-ui-bootstrap/-/angular-ui-bootstrap-2.5.0.tgz#2facefb915386655dc5f44150258032517236d01"

angular-ui-router@next:
  version "1.0.0-rc.1"
  resolved "https://registry.yarnpkg.com/angular-ui-router/-/angular-ui-router-1.0.0-rc.1.tgz#2d168230e8204fc8d2a93d1007ad49b9f33d09c6"
  dependencies:
    ui-router-core "3.1.0"

angular@^1.6.1:
  version "1.6.2"
  resolved "https://registry.yarnpkg.com/angular/-/angular-1.6.2.tgz#d0b677242ac4bf9ae81424297c6320973af4bb5a"

balanced-match@^0.4.1:
  version "0.4.2"
  resolved "https://registry.yarnpkg.com/balanced-match/-/balanced-match-0.4.2.tgz#cb3f3e3c732dc0f01ee70b403f302e61d7709838"

bootstrap@^3.3.7:
  version "3.3.7"
  resolved "https://registry.yarnpkg.com/bootstrap/-/bootstrap-3.3.7.tgz#5a389394549f23330875a3b150656574f8a9eb71"

brace-expansion@^1.0.0:
  version "1.1.6"
  resolved "https://registry.yarnpkg.com/brace-expansion/-/brace-expansion-1.1.6.tgz#7197d7eaa9b87e648390ea61fc66c84427420df9"
  dependencies:
    balanced-match "^0.4.1"
    concat-map "0.0.1"

brace@^0.9.1:
  version "0.9.1"
  resolved "https://registry.yarnpkg.com/brace/-/brace-0.9.1.tgz#19dcbae2faec9a9920a0452ec64d8d84df45e7b6"
  dependencies:
    w3c-blob "0.0.1"

buffer-shims@^1.0.0:
  version "1.0.0"
  resolved "https://registry.yarnpkg.com/buffer-shims/-/buffer-shims-1.0.0.tgz#9978ce317388c649ad8793028c3477ef044a8b51"

concat-map@0.0.1:
  version "0.0.1"
  resolved "https://registry.yarnpkg.com/concat-map/-/concat-map-0.0.1.tgz#d8a96bd77fd68df7793a73036a3ba0d5405d477b"

conf@^0.11.1:
  version "0.11.2"
  resolved "https://registry.yarnpkg.com/conf/-/conf-0.11.2.tgz#879f479267600483e502583462ca4063fc9779b2"
  dependencies:
    dot-prop "^3.0.0"
    env-paths "^0.3.0"
    mkdirp "^0.5.1"
    pkg-up "^1.0.0"

core-js@^2.4.1:
  version "2.4.1"
  resolved "https://registry.yarnpkg.com/core-js/-/core-js-2.4.1.tgz#4de911e667b0eae9124e34254b53aea6fc618d3e"

core-util-is@~1.0.0:
  version "1.0.2"
  resolved "https://registry.yarnpkg.com/core-util-is/-/core-util-is-1.0.2.tgz#b5fd54220aa2bc5ab57aab7140c940754503c1a7"

dot-prop@^3.0.0:
  version "3.0.0"
  resolved "https://registry.yarnpkg.com/dot-prop/-/dot-prop-3.0.0.tgz#1b708af094a49c9a0e7dbcad790aba539dac1177"
  dependencies:
    is-obj "^1.0.0"

electron-config@^0.2.1:
  version "0.2.1"
  resolved "https://registry.yarnpkg.com/electron-config/-/electron-config-0.2.1.tgz#7e12c26412d06bf3ed3896d0479df162986b95ba"
  dependencies:
    conf "^0.11.1"

env-paths@^0.3.0:
  version "0.3.1"
  resolved "https://registry.yarnpkg.com/env-paths/-/env-paths-0.3.1.tgz#c30ccfcbc30c890943dc08a85582517ef00da463"

find-up@^1.0.0:
  version "1.1.2"
  resolved "https://registry.yarnpkg.com/find-up/-/find-up-1.1.2.tgz#6b2e9822b1a2ce0a60ab64d610eccad53cb24d0f"
  dependencies:
    path-exists "^2.0.0"
    pinkie-promise "^2.0.0"

font-awesome@^4.7.0:
  version "4.7.0"
  resolved "https://registry.yarnpkg.com/font-awesome/-/font-awesome-4.7.0.tgz#8fa8cf0411a1a31afd07b06d2902bb9fc815a133"

fs-jetpack@^0.10.2:
  version "0.10.5"
  resolved "https://registry.yarnpkg.com/fs-jetpack/-/fs-jetpack-0.10.5.tgz#c9db5a8fc2b8a2a5f02b878b52d52fa93b3ae3ec"
  dependencies:
    minimatch "^3.0.2"
    mkdirp "^0.5.1"
    q "^1.0.1"
    rimraf "^2.2.8"

fs.realpath@^1.0.0:
  version "1.0.0"
  resolved "https://registry.yarnpkg.com/fs.realpath/-/fs.realpath-1.0.0.tgz#1504ad2523158caa40db4a2787cb01411994ea4f"

glob@^7.0.5:
  version "7.1.1"
  resolved "https://registry.yarnpkg.com/glob/-/glob-7.1.1.tgz#805211df04faaf1c63a3600306cdf5ade50b2ec8"
  dependencies:
    fs.realpath "^1.0.0"
    inflight "^1.0.4"
    inherits "2"
    minimatch "^3.0.2"
    once "^1.3.0"
    path-is-absolute "^1.0.0"

inflight@^1.0.4:
  version "1.0.6"
  resolved "https://registry.yarnpkg.com/inflight/-/inflight-1.0.6.tgz#49bd6331d7d02d0c09bc910a1075ba8165b56df9"
  dependencies:
    once "^1.3.0"
    wrappy "1"

inherits@2, inherits@~2.0.1:
  version "2.0.3"
  resolved "https://registry.yarnpkg.com/inherits/-/inherits-2.0.3.tgz#633c2c83e3da42a502f52466022480f4208261de"

is-obj@^1.0.0:
  version "1.0.1"
  resolved "https://registry.yarnpkg.com/is-obj/-/is-obj-1.0.1.tgz#3e4729ac1f5fde025cd7d83a896dab9f4f67db0f"

isarray@~1.0.0:
  version "1.0.0"
  resolved "https://registry.yarnpkg.com/isarray/-/isarray-1.0.0.tgz#bb935d48582cba168c06834957a54a3e07124f11"

jquery-slimscroll@^1.3.8:
  version "1.3.8"
  resolved "https://registry.yarnpkg.com/jquery-slimscroll/-/jquery-slimscroll-1.3.8.tgz#8481c44e7a47687653908a28f7f70aed64c84e36"
  dependencies:
    jquery ">= 1.7"

jquery-ui@^1.12.1:
  version "1.12.1"
  resolved "https://registry.yarnpkg.com/jquery-ui/-/jquery-ui-1.12.1.tgz#bcb4045c8dd0539c134bc1488cdd3e768a7a9e51"

jquery@2.2.3, "jquery@>= 1.7":
  version "2.2.3"
  resolved "https://registry.yarnpkg.com/jquery/-/jquery-2.2.3.tgz#45e07e4190334de36c9e1a64b43b1f1373d91758"

lodash@^4.17.4:
  version "4.17.4"
  resolved "https://registry.yarnpkg.com/lodash/-/lodash-4.17.4.tgz#78203a4d1c328ae1d86dca6460e369b57f4055ae"

minimatch@^3.0.2:
  version "3.0.3"
  resolved "https://registry.yarnpkg.com/minimatch/-/minimatch-3.0.3.tgz#2a4e4090b96b2db06a9d7df01055a62a77c9b774"
  dependencies:
    brace-expansion "^1.0.0"

minimist@0.0.8:
  version "0.0.8"
  resolved "https://registry.yarnpkg.com/minimist/-/minimist-0.0.8.tgz#857fcabfc3397d2625b8228262e86aa7a011b05d"

mkdirp@^0.5.1:
  version "0.5.1"
  resolved "https://registry.yarnpkg.com/mkdirp/-/mkdirp-0.5.1.tgz#30057438eac6cf7f8c4767f38648d6697d75c903"
  dependencies:
    minimist "0.0.8"

nodemailer-wellknown@^0.2.1:
  version "0.2.1"
  resolved "https://registry.yarnpkg.com/nodemailer-wellknown/-/nodemailer-wellknown-0.2.1.tgz#492afb9c681f635080f610c0337a3a622f975935"

once@^1.3.0:
  version "1.4.0"
  resolved "https://registry.yarnpkg.com/once/-/once-1.4.0.tgz#583b1aa775961d4b113ac17d9c50baef9dd76bd1"
  dependencies:
    wrappy "1"

path-exists@^2.0.0:
  version "2.1.0"
  resolved "https://registry.yarnpkg.com/path-exists/-/path-exists-2.1.0.tgz#0feb6c64f0fc518d9a754dd5efb62c7022761f4b"
  dependencies:
    pinkie-promise "^2.0.0"

path-is-absolute@^1.0.0:
  version "1.0.1"
  resolved "https://registry.yarnpkg.com/path-is-absolute/-/path-is-absolute-1.0.1.tgz#174b9268735534ffbc7ace6bf53a5a9e1b5c5f5f"

pinkie-promise@^2.0.0:
  version "2.0.1"
  resolved "https://registry.yarnpkg.com/pinkie-promise/-/pinkie-promise-2.0.1.tgz#2135d6dfa7a358c069ac9b178776288228450ffa"
  dependencies:
    pinkie "^2.0.0"

pinkie@^2.0.0:
  version "2.0.4"
  resolved "https://registry.yarnpkg.com/pinkie/-/pinkie-2.0.4.tgz#72556b80cfa0d48a974e80e77248e80ed4f7f870"

pkg-up@^1.0.0:
  version "1.0.0"
  resolved "https://registry.yarnpkg.com/pkg-up/-/pkg-up-1.0.0.tgz#3e08fb461525c4421624a33b9f7e6d0af5b05a26"
  dependencies:
    find-up "^1.0.0"

process-nextick-args@~1.0.6:
  version "1.0.7"
  resolved "https://registry.yarnpkg.com/process-nextick-args/-/process-nextick-args-1.0.7.tgz#150e20b756590ad3f91093f25a4f2ad8bff30ba3"

q@^1.0.1:
  version "1.4.1"
  resolved "https://registry.yarnpkg.com/q/-/q-1.4.1.tgz#55705bcd93c5f3673530c2c2cbc0c2b3addc286e"

readable-stream@^2.1.5:
  version "2.2.2"
  resolved "https://registry.yarnpkg.com/readable-stream/-/readable-stream-2.2.2.tgz#a9e6fec3c7dda85f8bb1b3ba7028604556fc825e"
  dependencies:
    buffer-shims "^1.0.0"
    core-util-is "~1.0.0"
    inherits "~2.0.1"
    isarray "~1.0.0"
    process-nextick-args "~1.0.6"
    string_decoder "~0.10.x"
    util-deprecate "~1.0.1"

rimraf@^2.2.8:
  version "2.5.4"
  resolved "https://registry.yarnpkg.com/rimraf/-/rimraf-2.5.4.tgz#96800093cbf1a0c86bd95b4625467535c29dfa04"
  dependencies:
    glob "^7.0.5"

rx-angular@^1.1.3:
  version "1.1.3"
  resolved "https://registry.yarnpkg.com/rx-angular/-/rx-angular-1.1.3.tgz#eac48c03ea035361a1361b537f388899c52939f8"
  dependencies:
    rx "*"

rx@*:
  version "4.1.0"
  resolved "https://registry.yarnpkg.com/rx/-/rx-4.1.0.tgz#a5f13ff79ef3b740fe30aa803fb09f98805d4782"

source-map-support@^0.4.2:
  version "0.4.11"
  resolved "https://registry.yarnpkg.com/source-map-support/-/source-map-support-0.4.11.tgz#647f939978b38535909530885303daf23279f322"
  dependencies:
    source-map "^0.5.3"

source-map@^0.5.3:
  version "0.5.6"
  resolved "https://registry.yarnpkg.com/source-map/-/source-map-0.5.6.tgz#75ce38f52bf0733c5a7f0c118d81334a2bb5f412"

string_decoder@~0.10.x:
  version "0.10.31"
  resolved "https://registry.yarnpkg.com/string_decoder/-/string_decoder-0.10.31.tgz#62e203bc41766c6c28c9fc84301dab1c5310fa94"

through2@^2.0.3:
  version "2.0.3"
  resolved "https://registry.yarnpkg.com/through2/-/through2-2.0.3.tgz#0004569b37c7c74ba39c43f3ced78d1ad94140be"
  dependencies:
    readable-stream "^2.1.5"
    xtend "~4.0.1"

ui-router-core@3.1.0:
  version "3.1.0"
  resolved "https://registry.yarnpkg.com/ui-router-core/-/ui-router-core-3.1.0.tgz#c297e8198631ab2e36892a95d0f9a92c18efbc17"

util-deprecate@~1.0.1:
  version "1.0.2"
  resolved "https://registry.yarnpkg.com/util-deprecate/-/util-deprecate-1.0.2.tgz#450d4dc9fa70de732762fbd2d4a28981419a0ccf"

w3c-blob@0.0.1:
  version "0.0.1"
  resolved "https://registry.yarnpkg.com/w3c-blob/-/w3c-blob-0.0.1.tgz#b0cd352a1a50f515563420ffd5861f950f1d85b8"

wrappy@1:
  version "1.0.2"
  resolved "https://registry.yarnpkg.com/wrappy/-/wrappy-1.0.2.tgz#b5243d8f3ec1aa35f1364605bc0d1036e30ab69f"

xtend@~4.0.1:
  version "4.0.1"
  resolved "https://registry.yarnpkg.com/xtend/-/xtend-4.0.1.tgz#a5c6d532be656e23db820efb943a1f04998d63af"
